PODS:
  - awesome_notifications (0.9.0):
    - Flutter
    - IosAwnCore (~> 0.9.1)
  - bluetooth_print (0.0.1):
    - Flutter
  - Flutter (1.0.0)
  - IosAwnCore (0.9.1)
  - permission_handler_apple (9.1.1):
    - Flutter
  - printing (1.0.0):
    - Flutter
  - shared_preferences_foundation (0.0.1):
    - Flutter
    - FlutterMacOS

DEPENDENCIES:
  - awesome_notifications (from `.symlinks/plugins/awesome_notifications/ios`)
  - bluetooth_print (from `.symlinks/plugins/bluetooth_print/ios`)
  - Flutter (from `Flutter`)
  - permission_handler_apple (from `.symlinks/plugins/permission_handler_apple/ios`)
  - printing (from `.symlinks/plugins/printing/ios`)
  - shared_preferences_foundation (from `.symlinks/plugins/shared_preferences_foundation/darwin`)

SPEC REPOS:
  trunk:
    - IosAwnCore

EXTERNAL SOURCES:
  awesome_notifications:
    :path: ".symlinks/plugins/awesome_notifications/ios"
  bluetooth_print:
    :path: ".symlinks/plugins/bluetooth_print/ios"
  Flutter:
    :path: Flutter
  permission_handler_apple:
    :path: ".symlinks/plugins/permission_handler_apple/ios"
  printing:
    :path: ".symlinks/plugins/printing/ios"
  shared_preferences_foundation:
    :path: ".symlinks/plugins/shared_preferences_foundation/darwin"

SPEC CHECKSUMS:
  awesome_notifications: 399076ea2bdf119beef9126f1ca6914215390997
  bluetooth_print: da8f47e8881a0b1f0fd8d73cd6fa84c9bd41ac28
  Flutter: f04841e97a9d0b0a8025694d0796dd46242b2854
  IosAwnCore: 4691f457bd8dc9a3a0a941cee6439a894a0b81aa
  permission_handler_apple: e76247795d700c14ea09e3a2d8855d41ee80a2e6
  printing: 233e1b73bd1f4a05615548e9b5a324c98588640b
  shared_preferences_foundation: 5b919d13b803cadd15ed2dc053125c68730e5126

PODFILE CHECKSUM: c373235d6bdae1702a51b9c331731262cb3da4c4

COCOAPODS: 1.13.0
